<?xml version="1.0" encoding="utf-8"?>
<Project ToolsVersion="4.0" xmlns="http://schemas.microsoft.com/developer/msbuild/2003">
  <ItemGroup>
    <Filter Include="GameLib">
      <UniqueIdentifier>{ac2013e8-4a1e-4773-a811-7bb0b412d43b}</UniqueIdentifier>
    </Filter>
    <Filter Include="PlatformerLib">
      <UniqueIdentifier>{dbdf8f9f-fbd6-4a2c-94da-c211059b58ac}</UniqueIdentifier>
    </Filter>
    <Filter Include="PlatformerLib\Box2D">
      <UniqueIdentifier>{c408c055-a8bb-41c1-8c7e-6955ce01c120}</UniqueIdentifier>
    </Filter>
    <Filter Include="PlatformerLib\Box2D\Collision">
      <UniqueIdentifier>{2b300683-4b79-46b5-bafa-03b8fad8d381}</UniqueIdentifier>
    </Filter>
    <Filter Include="PlatformerLib\Box2D\Collision\Shapes">
      <UniqueIdentifier>{f556368f-f532-44c0-b0f3-3d2e934010b3}</UniqueIdentifier>
    </Filter>
    <Filter Include="PlatformerLib\Box2D\Common">
      <UniqueIdentifier>{98d65204-90c4-48d4-8235-953ac33d5301}</UniqueIdentifier>
    </Filter>
    <Filter Include="PlatformerLib\Box2D\Dynamics">
      <UniqueIdentifier>{fe0ade27-9271-4847-8609-81f69d1113e4}</UniqueIdentifier>
    </Filter>
    <Filter Include="PlatformerLib\Box2D\Rope">
      <UniqueIdentifier>{380f6f0d-6209-4fdd-a40c-ef10a4bcf9c6}</UniqueIdentifier>
    </Filter>
    <Filter Include="PlatformerLib\Box2D\Dynamics\Contacts">
      <UniqueIdentifier>{a646207c-67eb-412a-bb76-838ee49c42a7}</UniqueIdentifier>
    </Filter>
    <Filter Include="PlatformerLib\Box2D\Dynamics\Joints">
      <UniqueIdentifier>{36616022-a928-4caf-a1ca-258af1eea9a1}</UniqueIdentifier>
    </Filter>
    <Filter Include="Shadhorimn2">
      <UniqueIdentifier>{5fb732f0-6b61-4fd9-bc8f-540fb1e99860}</UniqueIdentifier>
    </Filter>
    <Filter Include="GameLib\Json">
      <UniqueIdentifier>{115aee1c-7b96-4646-ae5e-c19edf5419b1}</UniqueIdentifier>
    </Filter>
  </ItemGroup>
  <ItemGroup>
    <Text Include="ReadMe.txt" />
  </ItemGroup>
  <ItemGroup>
    <ClInclude Include="GameLibrary\AssetManager.h">
      <Filter>GameLib</Filter>
    </ClInclude>
    <ClInclude Include="GameLibrary\Camera.h">
      <Filter>GameLib</Filter>
    </ClInclude>
    <ClInclude Include="GameLibrary\InputHandler.h">
      <Filter>GameLib</Filter>
    </ClInclude>
    <ClInclude Include="GameLibrary\Settings.h">
      <Filter>GameLib</Filter>
    </ClInclude>
    <ClInclude Include="GameLibrary\Singleton.h">
      <Filter>GameLib</Filter>
    </ClInclude>
    <ClInclude Include="GameLibrary\SpriteAnimation.h">
      <Filter>GameLib</Filter>
    </ClInclude>
    <ClInclude Include="stdafx.h" />
    <ClInclude Include="targetver.h" />
    <ClInclude Include="PlatformerLibrary\Box2D\Box2D.h">
      <Filter>PlatformerLib\Box2D</Filter>
    </ClInclude>
    <ClInclude Include="PlatformerLibrary\Box2D\Collision\b2Collision.h">
      <Filter>PlatformerLib\Box2D\Collision</Filter>
    </ClInclude>
    <ClInclude Include="PlatformerLibrary\Box2D\Collision\b2Distance.h">
      <Filter>PlatformerLib\Box2D\Collision</Filter>
    </ClInclude>
    <ClInclude Include="PlatformerLibrary\Box2D\Collision\b2DynamicTree.h">
      <Filter>PlatformerLib\Box2D\Collision</Filter>
    </ClInclude>
    <ClInclude Include="PlatformerLibrary\Box2D\Collision\b2TimeOfImpact.h">
      <Filter>PlatformerLib\Box2D\Collision</Filter>
    </ClInclude>
    <ClInclude Include="PlatformerLibrary\Box2D\Collision\b2BroadPhase.h">
      <Filter>PlatformerLib\Box2D\Collision</Filter>
    </ClInclude>
    <ClInclude Include="PlatformerLibrary\Box2D\Collision\Shapes\b2CircleShape.h">
      <Filter>PlatformerLib\Box2D\Collision\Shapes</Filter>
    </ClInclude>
    <ClInclude Include="PlatformerLibrary\Box2D\Collision\Shapes\b2EdgeShape.h">
      <Filter>PlatformerLib\Box2D\Collision\Shapes</Filter>
    </ClInclude>
    <ClInclude Include="PlatformerLibrary\Box2D\Collision\Shapes\b2PolygonShape.h">
      <Filter>PlatformerLib\Box2D\Collision\Shapes</Filter>
    </ClInclude>
    <ClInclude Include="PlatformerLibrary\Box2D\Collision\Shapes\b2Shape.h">
      <Filter>PlatformerLib\Box2D\Collision\Shapes</Filter>
    </ClInclude>
    <ClInclude Include="PlatformerLibrary\Box2D\Collision\Shapes\b2ChainShape.h">
      <Filter>PlatformerLib\Box2D\Collision\Shapes</Filter>
    </ClInclude>
    <ClInclude Include="PlatformerLibrary\Box2D\Common\b2Settings.h">
      <Filter>PlatformerLib\Box2D\Common</Filter>
    </ClInclude>
    <ClInclude Include="PlatformerLibrary\Box2D\Common\b2StackAllocator.h">
      <Filter>PlatformerLib\Box2D\Common</Filter>
    </ClInclude>
    <ClInclude Include="PlatformerLibrary\Box2D\Common\b2Timer.h">
      <Filter>PlatformerLib\Box2D\Common</Filter>
    </ClInclude>
    <ClInclude Include="PlatformerLibrary\Box2D\Common\b2BlockAllocator.h">
      <Filter>PlatformerLib\Box2D\Common</Filter>
    </ClInclude>
    <ClInclude Include="PlatformerLibrary\Box2D\Common\b2Draw.h">
      <Filter>PlatformerLib\Box2D\Common</Filter>
    </ClInclude>
    <ClInclude Include="PlatformerLibrary\Box2D\Common\b2GrowableStack.h">
      <Filter>PlatformerLib\Box2D\Common</Filter>
    </ClInclude>
    <ClInclude Include="PlatformerLibrary\Box2D\Common\b2Math.h">
      <Filter>PlatformerLib\Box2D\Common</Filter>
    </ClInclude>
    <ClInclude Include="PlatformerLibrary\Box2D\Rope\b2Rope.h">
      <Filter>PlatformerLib\Box2D\Rope</Filter>
    </ClInclude>
    <ClInclude Include="PlatformerLibrary\Box2D\Dynamics\b2Fixture.h">
      <Filter>PlatformerLib\Box2D\Dynamics</Filter>
    </ClInclude>
    <ClInclude Include="PlatformerLibrary\Box2D\Dynamics\b2Island.h">
      <Filter>PlatformerLib\Box2D\Dynamics</Filter>
    </ClInclude>
    <ClInclude Include="PlatformerLibrary\Box2D\Dynamics\b2TimeStep.h">
      <Filter>PlatformerLib\Box2D\Dynamics</Filter>
    </ClInclude>
    <ClInclude Include="PlatformerLibrary\Box2D\Dynamics\b2World.h">
      <Filter>PlatformerLib\Box2D\Dynamics</Filter>
    </ClInclude>
    <ClInclude Include="PlatformerLibrary\Box2D\Dynamics\b2WorldCallbacks.h">
      <Filter>PlatformerLib\Box2D\Dynamics</Filter>
    </ClInclude>
    <ClInclude Include="PlatformerLibrary\Box2D\Dynamics\b2Body.h">
      <Filter>PlatformerLib\Box2D\Dynamics</Filter>
    </ClInclude>
    <ClInclude Include="PlatformerLibrary\Box2D\Dynamics\b2ContactManager.h">
      <Filter>PlatformerLib\Box2D\Dynamics</Filter>
    </ClInclude>
    <ClInclude Include="PlatformerLibrary\Box2D\Dynamics\Contacts\b2EdgeAndPolygonContact.h">
      <Filter>PlatformerLib\Box2D\Dynamics\Contacts</Filter>
    </ClInclude>
    <ClInclude Include="PlatformerLibrary\Box2D\Dynamics\Contacts\b2PolygonAndCircleContact.h">
      <Filter>PlatformerLib\Box2D\Dynamics\Contacts</Filter>
    </ClInclude>
    <ClInclude Include="PlatformerLibrary\Box2D\Dynamics\Contacts\b2PolygonContact.h">
      <Filter>PlatformerLib\Box2D\Dynamics\Contacts</Filter>
    </ClInclude>
    <ClInclude Include="PlatformerLibrary\Box2D\Dynamics\Contacts\b2ChainAndCircleContact.h">
      <Filter>PlatformerLib\Box2D\Dynamics\Contacts</Filter>
    </ClInclude>
    <ClInclude Include="PlatformerLibrary\Box2D\Dynamics\Contacts\b2ChainAndPolygonContact.h">
      <Filter>PlatformerLib\Box2D\Dynamics\Contacts</Filter>
    </ClInclude>
    <ClInclude Include="PlatformerLibrary\Box2D\Dynamics\Contacts\b2CircleContact.h">
      <Filter>PlatformerLib\Box2D\Dynamics\Contacts</Filter>
    </ClInclude>
    <ClInclude Include="PlatformerLibrary\Box2D\Dynamics\Contacts\b2Contact.h">
      <Filter>PlatformerLib\Box2D\Dynamics\Contacts</Filter>
    </ClInclude>
    <ClInclude Include="PlatformerLibrary\Box2D\Dynamics\Contacts\b2ContactSolver.h">
      <Filter>PlatformerLib\Box2D\Dynamics\Contacts</Filter>
    </ClInclude>
    <ClInclude Include="PlatformerLibrary\Box2D\Dynamics\Contacts\b2EdgeAndCircleContact.h">
      <Filter>PlatformerLib\Box2D\Dynamics\Contacts</Filter>
    </ClInclude>
    <ClInclude Include="PlatformerLibrary\Box2D\Dynamics\Joints\b2RevoluteJoint.h">
      <Filter>PlatformerLib\Box2D\Dynamics\Joints</Filter>
    </ClInclude>
    <ClInclude Include="PlatformerLibrary\Box2D\Dynamics\Joints\b2RopeJoint.h">
      <Filter>PlatformerLib\Box2D\Dynamics\Joints</Filter>
    </ClInclude>
    <ClInclude Include="PlatformerLibrary\Box2D\Dynamics\Joints\b2WeldJoint.h">
      <Filter>PlatformerLib\Box2D\Dynamics\Joints</Filter>
    </ClInclude>
    <ClInclude Include="PlatformerLibrary\Box2D\Dynamics\Joints\b2WheelJoint.h">
      <Filter>PlatformerLib\Box2D\Dynamics\Joints</Filter>
    </ClInclude>
    <ClInclude Include="PlatformerLibrary\Box2D\Dynamics\Joints\b2DistanceJoint.h">
      <Filter>PlatformerLib\Box2D\Dynamics\Joints</Filter>
    </ClInclude>
    <ClInclude Include="PlatformerLibrary\Box2D\Dynamics\Joints\b2FrictionJoint.h">
      <Filter>PlatformerLib\Box2D\Dynamics\Joints</Filter>
    </ClInclude>
    <ClInclude Include="PlatformerLibrary\Box2D\Dynamics\Joints\b2GearJoint.h">
      <Filter>PlatformerLib\Box2D\Dynamics\Joints</Filter>
    </ClInclude>
    <ClInclude Include="PlatformerLibrary\Box2D\Dynamics\Joints\b2Joint.h">
      <Filter>PlatformerLib\Box2D\Dynamics\Joints</Filter>
    </ClInclude>
    <ClInclude Include="PlatformerLibrary\Box2D\Dynamics\Joints\b2MotorJoint.h">
      <Filter>PlatformerLib\Box2D\Dynamics\Joints</Filter>
    </ClInclude>
    <ClInclude Include="PlatformerLibrary\Box2D\Dynamics\Joints\b2MouseJoint.h">
      <Filter>PlatformerLib\Box2D\Dynamics\Joints</Filter>
    </ClInclude>
    <ClInclude Include="PlatformerLibrary\Box2D\Dynamics\Joints\b2PrismaticJoint.h">
      <Filter>PlatformerLib\Box2D\Dynamics\Joints</Filter>
    </ClInclude>
    <ClInclude Include="PlatformerLibrary\Box2D\Dynamics\Joints\b2PulleyJoint.h">
      <Filter>PlatformerLib\Box2D\Dynamics\Joints</Filter>
    </ClInclude>
    <ClInclude Include="Projectile.h">
      <Filter>Shadhorimn2</Filter>
    </ClInclude>
    <ClInclude Include="Constants.h">
      <Filter>Shadhorimn2</Filter>
    </ClInclude>
    <ClInclude Include="SmashWorld.h">
      <Filter>Shadhorimn2</Filter>
    </ClInclude>
    <ClInclude Include="SmashCharacter.h">
      <Filter>Shadhorimn2</Filter>
    </ClInclude>
    <ClInclude Include="PlatformerLibrary\Box2DRigidBody.h">
      <Filter>PlatformerLib</Filter>
    </ClInclude>
    <ClInclude Include="PlatformerLibrary\Drawable.h">
      <Filter>PlatformerLib</Filter>
    </ClInclude>
    <ClInclude Include="ControllableCharacter.h">
      <Filter>Shadhorimn2</Filter>
    </ClInclude>
    <ClInclude Include="StatusTimer.h">
      <Filter>GameLib</Filter>
    </ClInclude>
    <ClInclude Include="Attack.h">
      <Filter>PlatformerLib</Filter>
    </ClInclude>
    <ClInclude Include="Weapon.h">
      <Filter>Shadhorimn2</Filter>
    </ClInclude>
    <ClInclude Include="GameLibrary\Json\json.h">
      <Filter>GameLib\Json</Filter>
    </ClInclude>
    <ClInclude Include="GameLibrary\Json\json_tool.h">
      <Filter>GameLib\Json</Filter>
    </ClInclude>
    <ClInclude Include="GameLibrary\Json\reader.h">
      <Filter>GameLib\Json</Filter>
    </ClInclude>
    <ClInclude Include="GameLibrary\Json\value.h">
      <Filter>GameLib\Json</Filter>
    </ClInclude>
    <ClInclude Include="GameLibrary\Json\version.h">
      <Filter>GameLib\Json</Filter>
    </ClInclude>
    <ClInclude Include="GameLibrary\Json\writer.h">
      <Filter>GameLib\Json</Filter>
    </ClInclude>
    <ClInclude Include="GameLibrary\Json\allocator.h">
      <Filter>GameLib\Json</Filter>
    </ClInclude>
    <ClInclude Include="GameLibrary\Json\assertions.h">
      <Filter>GameLib\Json</Filter>
    </ClInclude>
    <ClInclude Include="GameLibrary\Json\autolink.h">
      <Filter>GameLib\Json</Filter>
    </ClInclude>
    <ClInclude Include="GameLibrary\Json\config.h">
      <Filter>GameLib\Json</Filter>
    </ClInclude>
    <ClInclude Include="GameLibrary\Json\features.h">
      <Filter>GameLib\Json</Filter>
    </ClInclude>
    <ClInclude Include="GameLibrary\Json\forwards.h">
      <Filter>GameLib\Json</Filter>
    </ClInclude>
    <ClInclude Include="Door.h">
      <Filter>PlatformerLib</Filter>
    </ClInclude>
    <ClInclude Include="BoulderCreature.h">
      <Filter>Shadhorimn2</Filter>
    </ClInclude>
    <ClInclude Include="DialogueLine.h">
      <Filter>GameLib</Filter>
    </ClInclude>
    <ClInclude Include="MenuController.h">
      <Filter>Shadhorimn2</Filter>
    </ClInclude>
    <ClInclude Include="Trigger.h">
      <Filter>PlatformerLib</Filter>
    </ClInclude>
    <ClInclude Include="Menu.h">
      <Filter>GameLib</Filter>
    </ClInclude>
    <ClInclude Include="HurtBox.h">
      <Filter>PlatformerLib</Filter>
    </ClInclude>
    <ClInclude Include="BossOne.h">
      <Filter>Shadhorimn2</Filter>
    </ClInclude>
    <ClInclude Include="BoulderProjectile.h">
      <Filter>Shadhorimn2</Filter>
    </ClInclude>
    <ClInclude Include="Utilities.h">
      <Filter>Shadhorimn2</Filter>
    </ClInclude>
    <ClInclude Include="Rune.h">
      <Filter>Shadhorimn2</Filter>
    </ClInclude>
    <ClInclude Include="CharacterScreen.h">
      <Filter>Shadhorimn2</Filter>
    </ClInclude>
    <ClInclude Include="PlatformerLibrary\RigidBody.h" />
    <ClInclude Include="Creature.h" />
  </ItemGroup>
  <ItemGroup>
    <ClCompile Include="GameLibrary\AssetManager.cpp">
      <Filter>GameLib</Filter>
    </ClCompile>
    <ClCompile Include="GameLibrary\Camera.cpp">
      <Filter>GameLib</Filter>
    </ClCompile>
    <ClCompile Include="GameLibrary\InputHandler.cpp">
      <Filter>GameLib</Filter>
    </ClCompile>
    <ClCompile Include="GameLibrary\Settings.cpp">
      <Filter>GameLib</Filter>
    </ClCompile>
    <ClCompile Include="GameLibrary\SpriteAnimation.cpp">
      <Filter>GameLib</Filter>
    </ClCompile>
    <ClCompile Include="stdafx.cpp" />
    <ClCompile Include="PlatformerLibrary\Box2D\Collision\b2CollidePolygon.cpp">
      <Filter>PlatformerLib\Box2D\Collision</Filter>
    </ClCompile>
    <ClCompile Include="PlatformerLibrary\Box2D\Collision\b2Collision.cpp">
      <Filter>PlatformerLib\Box2D\Collision</Filter>
    </ClCompile>
    <ClCompile Include="PlatformerLibrary\Box2D\Collision\b2Distance.cpp">
      <Filter>PlatformerLib\Box2D\Collision</Filter>
    </ClCompile>
    <ClCompile Include="PlatformerLibrary\Box2D\Collision\b2DynamicTree.cpp">
      <Filter>PlatformerLib\Box2D\Collision</Filter>
    </ClCompile>
    <ClCompile Include="PlatformerLibrary\Box2D\Collision\b2TimeOfImpact.cpp">
      <Filter>PlatformerLib\Box2D\Collision</Filter>
    </ClCompile>
    <ClCompile Include="PlatformerLibrary\Box2D\Collision\b2BroadPhase.cpp">
      <Filter>PlatformerLib\Box2D\Collision</Filter>
    </ClCompile>
    <ClCompile Include="PlatformerLibrary\Box2D\Collision\b2CollideCircle.cpp">
      <Filter>PlatformerLib\Box2D\Collision</Filter>
    </ClCompile>
    <ClCompile Include="PlatformerLibrary\Box2D\Collision\b2CollideEdge.cpp">
      <Filter>PlatformerLib\Box2D\Collision</Filter>
    </ClCompile>
    <ClCompile Include="PlatformerLibrary\Box2D\Collision\Shapes\b2EdgeShape.cpp">
      <Filter>PlatformerLib\Box2D\Collision\Shapes</Filter>
    </ClCompile>
    <ClCompile Include="PlatformerLibrary\Box2D\Collision\Shapes\b2PolygonShape.cpp">
      <Filter>PlatformerLib\Box2D\Collision\Shapes</Filter>
    </ClCompile>
    <ClCompile Include="PlatformerLibrary\Box2D\Collision\Shapes\b2ChainShape.cpp">
      <Filter>PlatformerLib\Box2D\Collision\Shapes</Filter>
    </ClCompile>
    <ClCompile Include="PlatformerLibrary\Box2D\Collision\Shapes\b2CircleShape.cpp">
      <Filter>PlatformerLib\Box2D\Collision\Shapes</Filter>
    </ClCompile>
    <ClCompile Include="PlatformerLibrary\Box2D\Common\b2Settings.cpp">
      <Filter>PlatformerLib\Box2D\Common</Filter>
    </ClCompile>
    <ClCompile Include="PlatformerLibrary\Box2D\Common\b2StackAllocator.cpp">
      <Filter>PlatformerLib\Box2D\Common</Filter>
    </ClCompile>
    <ClCompile Include="PlatformerLibrary\Box2D\Common\b2Timer.cpp">
      <Filter>PlatformerLib\Box2D\Common</Filter>
    </ClCompile>
    <ClCompile Include="PlatformerLibrary\Box2D\Common\b2BlockAllocator.cpp">
      <Filter>PlatformerLib\Box2D\Common</Filter>
    </ClCompile>
    <ClCompile Include="PlatformerLibrary\Box2D\Common\b2Draw.cpp">
      <Filter>PlatformerLib\Box2D\Common</Filter>
    </ClCompile>
    <ClCompile Include="PlatformerLibrary\Box2D\Common\b2Math.cpp">
      <Filter>PlatformerLib\Box2D\Common</Filter>
    </ClCompile>
    <ClCompile Include="PlatformerLibrary\Box2D\Rope\b2Rope.cpp">
      <Filter>PlatformerLib\Box2D\Rope</Filter>
    </ClCompile>
    <ClCompile Include="PlatformerLibrary\Box2D\Dynamics\b2Island.cpp">
      <Filter>PlatformerLib\Box2D\Dynamics</Filter>
    </ClCompile>
    <ClCompile Include="PlatformerLibrary\Box2D\Dynamics\b2World.cpp">
      <Filter>PlatformerLib\Box2D\Dynamics</Filter>
    </ClCompile>
    <ClCompile Include="PlatformerLibrary\Box2D\Dynamics\b2WorldCallbacks.cpp">
      <Filter>PlatformerLib\Box2D\Dynamics</Filter>
    </ClCompile>
    <ClCompile Include="PlatformerLibrary\Box2D\Dynamics\b2Body.cpp">
      <Filter>PlatformerLib\Box2D\Dynamics</Filter>
    </ClCompile>
    <ClCompile Include="PlatformerLibrary\Box2D\Dynamics\b2ContactManager.cpp">
      <Filter>PlatformerLib\Box2D\Dynamics</Filter>
    </ClCompile>
    <ClCompile Include="PlatformerLibrary\Box2D\Dynamics\b2Fixture.cpp">
      <Filter>PlatformerLib\Box2D\Dynamics</Filter>
    </ClCompile>
    <ClCompile Include="PlatformerLibrary\Box2D\Dynamics\Contacts\b2EdgeAndPolygonContact.cpp">
      <Filter>PlatformerLib\Box2D\Dynamics\Contacts</Filter>
    </ClCompile>
    <ClCompile Include="PlatformerLibrary\Box2D\Dynamics\Contacts\b2PolygonAndCircleContact.cpp">
      <Filter>PlatformerLib\Box2D\Dynamics\Contacts</Filter>
    </ClCompile>
    <ClCompile Include="PlatformerLibrary\Box2D\Dynamics\Contacts\b2PolygonContact.cpp">
      <Filter>PlatformerLib\Box2D\Dynamics\Contacts</Filter>
    </ClCompile>
    <ClCompile Include="PlatformerLibrary\Box2D\Dynamics\Contacts\b2ChainAndCircleContact.cpp">
      <Filter>PlatformerLib\Box2D\Dynamics\Contacts</Filter>
    </ClCompile>
    <ClCompile Include="PlatformerLibrary\Box2D\Dynamics\Contacts\b2ChainAndPolygonContact.cpp">
      <Filter>PlatformerLib\Box2D\Dynamics\Contacts</Filter>
    </ClCompile>
    <ClCompile Include="PlatformerLibrary\Box2D\Dynamics\Contacts\b2CircleContact.cpp">
      <Filter>PlatformerLib\Box2D\Dynamics\Contacts</Filter>
    </ClCompile>
    <ClCompile Include="PlatformerLibrary\Box2D\Dynamics\Contacts\b2Contact.cpp">
      <Filter>PlatformerLib\Box2D\Dynamics\Contacts</Filter>
    </ClCompile>
    <ClCompile Include="PlatformerLibrary\Box2D\Dynamics\Contacts\b2ContactSolver.cpp">
      <Filter>PlatformerLib\Box2D\Dynamics\Contacts</Filter>
    </ClCompile>
    <ClCompile Include="PlatformerLibrary\Box2D\Dynamics\Contacts\b2EdgeAndCircleContact.cpp">
      <Filter>PlatformerLib\Box2D\Dynamics\Contacts</Filter>
    </ClCompile>
    <ClCompile Include="PlatformerLibrary\Box2D\Dynamics\Joints\b2RopeJoint.cpp">
      <Filter>PlatformerLib\Box2D\Dynamics\Joints</Filter>
    </ClCompile>
    <ClCompile Include="PlatformerLibrary\Box2D\Dynamics\Joints\b2WeldJoint.cpp">
      <Filter>PlatformerLib\Box2D\Dynamics\Joints</Filter>
    </ClCompile>
    <ClCompile Include="PlatformerLibrary\Box2D\Dynamics\Joints\b2WheelJoint.cpp">
      <Filter>PlatformerLib\Box2D\Dynamics\Joints</Filter>
    </ClCompile>
    <ClCompile Include="PlatformerLibrary\Box2D\Dynamics\Joints\b2DistanceJoint.cpp">
      <Filter>PlatformerLib\Box2D\Dynamics\Joints</Filter>
    </ClCompile>
    <ClCompile Include="PlatformerLibrary\Box2D\Dynamics\Joints\b2FrictionJoint.cpp">
      <Filter>PlatformerLib\Box2D\Dynamics\Joints</Filter>
    </ClCompile>
    <ClCompile Include="PlatformerLibrary\Box2D\Dynamics\Joints\b2GearJoint.cpp">
      <Filter>PlatformerLib\Box2D\Dynamics\Joints</Filter>
    </ClCompile>
    <ClCompile Include="PlatformerLibrary\Box2D\Dynamics\Joints\b2Joint.cpp">
      <Filter>PlatformerLib\Box2D\Dynamics\Joints</Filter>
    </ClCompile>
    <ClCompile Include="PlatformerLibrary\Box2D\Dynamics\Joints\b2MotorJoint.cpp">
      <Filter>PlatformerLib\Box2D\Dynamics\Joints</Filter>
    </ClCompile>
    <ClCompile Include="PlatformerLibrary\Box2D\Dynamics\Joints\b2MouseJoint.cpp">
      <Filter>PlatformerLib\Box2D\Dynamics\Joints</Filter>
    </ClCompile>
    <ClCompile Include="PlatformerLibrary\Box2D\Dynamics\Joints\b2PrismaticJoint.cpp">
      <Filter>PlatformerLib\Box2D\Dynamics\Joints</Filter>
    </ClCompile>
    <ClCompile Include="PlatformerLibrary\Box2D\Dynamics\Joints\b2PulleyJoint.cpp">
      <Filter>PlatformerLib\Box2D\Dynamics\Joints</Filter>
    </ClCompile>
    <ClCompile Include="PlatformerLibrary\Box2D\Dynamics\Joints\b2RevoluteJoint.cpp">
      <Filter>PlatformerLib\Box2D\Dynamics\Joints</Filter>
    </ClCompile>
    <ClCompile Include="Projectile.cpp">
      <Filter>Shadhorimn2</Filter>
    </ClCompile>
    <ClCompile Include="main.cpp" />
    <ClCompile Include="SmashWorld.cpp">
      <Filter>Shadhorimn2</Filter>
    </ClCompile>
    <ClCompile Include="SmashCharacter.cpp">
      <Filter>Shadhorimn2</Filter>
    </ClCompile>
    <ClCompile Include="PlatformerLibrary\Box2DRigidBody.cpp">
      <Filter>PlatformerLib</Filter>
    </ClCompile>
    <ClCompile Include="PlatformerLibrary\Drawable.cpp">
      <Filter>PlatformerLib</Filter>
    </ClCompile>
    <ClCompile Include="StatusTimer.cpp">
      <Filter>GameLib</Filter>
    </ClCompile>
    <ClCompile Include="Attack.cpp">
      <Filter>PlatformerLib</Filter>
    </ClCompile>
    <ClCompile Include="Weapon.cpp">
      <Filter>Shadhorimn2</Filter>
    </ClCompile>
    <ClCompile Include="GameLibrary\Json\json_reader.cpp">
      <Filter>GameLib\Json</Filter>
    </ClCompile>
    <ClCompile Include="GameLibrary\Json\json_value.cpp">
      <Filter>GameLib\Json</Filter>
    </ClCompile>
    <ClCompile Include="GameLibrary\Json\json_writer.cpp">
      <Filter>GameLib\Json</Filter>
    </ClCompile>
    <ClCompile Include="Door.cpp">
      <Filter>PlatformerLib</Filter>
    </ClCompile>
    <ClCompile Include="BoulderCreature.cpp">
      <Filter>Shadhorimn2</Filter>
    </ClCompile>
    <ClCompile Include="DialogueLine.cpp">
      <Filter>GameLib</Filter>
    </ClCompile>
    <ClCompile Include="MenuController.cpp">
      <Filter>Shadhorimn2</Filter>
    </ClCompile>
    <ClCompile Include="Trigger.cpp">
      <Filter>PlatformerLib</Filter>
    </ClCompile>
    <ClCompile Include="Menu.cpp">
      <Filter>GameLib</Filter>
    </ClCompile>
    <ClCompile Include="HurtBox.cpp">
      <Filter>PlatformerLib</Filter>
    </ClCompile>
    <ClCompile Include="BossOne.cpp">
      <Filter>Shadhorimn2</Filter>
    </ClCompile>
    <ClCompile Include="BoulderProjectile.cpp">
      <Filter>Shadhorimn2</Filter>
    </ClCompile>
    <ClCompile Include="Rune.cpp">
      <Filter>Shadhorimn2</Filter>
    </ClCompile>
    <ClCompile Include="CharacterScreen.cpp">
      <Filter>Shadhorimn2</Filter>
    </ClCompile>
    <ClCompile Include="PlatformerLibrary\RigidBody.cpp" />
    <ClCompile Include="Creature.cpp" />
  </ItemGroup>
</Project>